{
  "version": 4,
  "terraform_version": "1.9.8",
  "serial": 19,
  "lineage": "ff8a6435-0f93-33d9-8a05-d3b026ec89c0",
  "outputs": {
    "dashboard_url": {
      "value": "https://us-east-1.console.aws.amazon.com/cloudwatch/home?region=us-east-1#dashboards:name=data-distribution-hub-datasync-overview",
      "type": "string"
    },
    "datasync_hub_role_arn": {
      "value": "arn:aws:iam::288507842666:role/data-distribution-hub-datasync-hub-role",
      "type": "string"
    },
    "destination_location_arns": {
      "value": {
        "dev": "arn:aws:datasync:us-east-1:288507842666:location/loc-0eae66f246ad3fd9f"
      },
      "type": [
        "object",
        {
          "dev": "string"
        }
      ]
    },
    "sns_kms_key_arn": {
      "value": "arn:aws:kms:us-east-1:288507842666:key/a9307319-e99f-4cc2-b6a2-0c1309ca9ede",
      "type": "string"
    },
    "sns_topic_arn": {
      "value": "arn:aws:sns:us-east-1:288507842666:data-distribution-hub-datasync-failures",
      "type": "string"
    },
    "source_location_arn": {
      "value": "arn:aws:datasync:us-east-1:288507842666:location/loc-0cc9c36701c8ee0c9",
      "type": "string"
    },
    "spoke_bucket_policies": {
      "value": {
        "dev": "{\n  \"Version\": \"2012-10-17\",\n  \"Statement\": [\n    {\n      \"Sid\": \"AllowDataSyncHubWrite\",\n      \"Effect\": \"Allow\",\n      \"Action\": [\n        \"s3:ListBucketMultipartUploads\",\n        \"s3:ListBucket\",\n        \"s3:GetBucketLocation\"\n      ],\n      \"Resource\": \"arn:aws:s3:::data-distribution-dev-521223133677\",\n      \"Principal\": {\n        \"AWS\": \"arn:aws:iam::288507842666:role/data-distribution-hub-datasync-hub-role\"\n      }\n    },\n    {\n      \"Sid\": \"AllowDataSyncHubObjectWrite\",\n      \"Effect\": \"Allow\",\n      \"Action\": [\n        \"s3:PutObjectTagging\",\n        \"s3:PutObject\",\n        \"s3:ListMultipartUploadParts\",\n        \"s3:GetObjectTagging\",\n        \"s3:GetObject\",\n        \"s3:DeleteObject\",\n        \"s3:AbortMultipartUpload\"\n      ],\n      \"Resource\": \"arn:aws:s3:::data-distribution-dev-521223133677/*\",\n      \"Principal\": {\n        \"AWS\": \"arn:aws:iam::288507842666:role/data-distribution-hub-datasync-hub-role\"\n      }\n    }\n  ]\n}"
      },
      "type": [
        "object",
        {
          "dev": "string"
        }
      ]
    }
  },
  "resources": [
    {
      "mode": "data",
      "type": "aws_caller_identity",
      "name": "hub",
      "provider": "provider[\"registry.terraform.io/hashicorp/aws\"]",
      "instances": [
        {
          "schema_version": 0,
          "attributes": {
            "account_id": "288507842666",
            "arn": "arn:aws:iam::288507842666:user/JAM-HUB",
            "id": "288507842666",
            "user_id": "AIDAUGLDIKBVGPUX7T2DX"
          },
          "sensitive_attributes": []
        }
      ]
    },
    {
      "mode": "data",
      "type": "aws_iam_policy_document",
      "name": "spoke_bucket_policy",
      "provider": "provider[\"registry.terraform.io/hashicorp/aws\"]",
      "instances": [
        {
          "index_key": "dev",
          "schema_version": 0,
          "attributes": {
            "id": "2296356729",
            "json": "{\n  \"Version\": \"2012-10-17\",\n  \"Statement\": [\n    {\n      \"Sid\": \"AllowDataSyncHubWrite\",\n      \"Effect\": \"Allow\",\n      \"Action\": [\n        \"s3:ListBucketMultipartUploads\",\n        \"s3:ListBucket\",\n        \"s3:GetBucketLocation\"\n      ],\n      \"Resource\": \"arn:aws:s3:::data-distribution-dev-521223133677\",\n      \"Principal\": {\n        \"AWS\": \"arn:aws:iam::288507842666:role/data-distribution-hub-datasync-hub-role\"\n      }\n    },\n    {\n      \"Sid\": \"AllowDataSyncHubObjectWrite\",\n      \"Effect\": \"Allow\",\n      \"Action\": [\n        \"s3:PutObjectTagging\",\n        \"s3:PutObject\",\n        \"s3:ListMultipartUploadParts\",\n        \"s3:GetObjectTagging\",\n        \"s3:GetObject\",\n        \"s3:DeleteObject\",\n        \"s3:AbortMultipartUpload\"\n      ],\n      \"Resource\": \"arn:aws:s3:::data-distribution-dev-521223133677/*\",\n      \"Principal\": {\n        \"AWS\": \"arn:aws:iam::288507842666:role/data-distribution-hub-datasync-hub-role\"\n      }\n    }\n  ]\n}",
            "minified_json": "{\"Version\":\"2012-10-17\",\"Statement\":[{\"Sid\":\"AllowDataSyncHubWrite\",\"Effect\":\"Allow\",\"Action\":[\"s3:ListBucketMultipartUploads\",\"s3:ListBucket\",\"s3:GetBucketLocation\"],\"Resource\":\"arn:aws:s3:::data-distribution-dev-521223133677\",\"Principal\":{\"AWS\":\"arn:aws:iam::288507842666:role/data-distribution-hub-datasync-hub-role\"}},{\"Sid\":\"AllowDataSyncHubObjectWrite\",\"Effect\":\"Allow\",\"Action\":[\"s3:PutObjectTagging\",\"s3:PutObject\",\"s3:ListMultipartUploadParts\",\"s3:GetObjectTagging\",\"s3:GetObject\",\"s3:DeleteObject\",\"s3:AbortMultipartUpload\"],\"Resource\":\"arn:aws:s3:::data-distribution-dev-521223133677/*\",\"Principal\":{\"AWS\":\"arn:aws:iam::288507842666:role/data-distribution-hub-datasync-hub-role\"}}]}",
            "override_json": null,
            "override_policy_documents": null,
            "policy_id": null,
            "source_json": null,
            "source_policy_documents": null,
            "statement": [
              {
                "actions": [
                  "s3:GetBucketLocation",
                  "s3:ListBucket",
                  "s3:ListBucketMultipartUploads"
                ],
                "condition": [],
                "effect": "Allow",
                "not_actions": [],
                "not_principals": [],
                "not_resources": [],
                "principals": [
                  {
                    "identifiers": [
                      "arn:aws:iam::288507842666:role/data-distribution-hub-datasync-hub-role"
                    ],
                    "type": "AWS"
                  }
                ],
                "resources": [
                  "arn:aws:s3:::data-distribution-dev-521223133677"
                ],
                "sid": "AllowDataSyncHubWrite"
              },
              {
                "actions": [
                  "s3:AbortMultipartUpload",
                  "s3:DeleteObject",
                  "s3:GetObject",
                  "s3:GetObjectTagging",
                  "s3:ListMultipartUploadParts",
                  "s3:PutObject",
                  "s3:PutObjectTagging"
                ],
                "condition": [],
                "effect": "Allow",
                "not_actions": [],
                "not_principals": [],
                "not_resources": [],
                "principals": [
                  {
                    "identifiers": [
                      "arn:aws:iam::288507842666:role/data-distribution-hub-datasync-hub-role"
                    ],
                    "type": "AWS"
                  }
                ],
                "resources": [
                  "arn:aws:s3:::data-distribution-dev-521223133677/*"
                ],
                "sid": "AllowDataSyncHubObjectWrite"
              }
            ],
            "version": "2012-10-17"
          },
          "sensitive_attributes": []
        }
      ]
    },
    {
      "mode": "data",
      "type": "aws_region",
      "name": "current",
      "provider": "provider[\"registry.terraform.io/hashicorp/aws\"]",
      "instances": [
        {
          "schema_version": 0,
          "attributes": {
            "description": "US East (N. Virginia)",
            "endpoint": "ec2.us-east-1.amazonaws.com",
            "id": "us-east-1",
            "name": "us-east-1",
            "region": "us-east-1"
          },
          "sensitive_attributes": []
        }
      ]
    },
    {
      "mode": "managed",
      "type": "aws_cloudwatch_event_rule",
      "name": "datasync_failure",
      "provider": "provider[\"registry.terraform.io/hashicorp/aws\"]",
      "instances": [
        {
          "schema_version": 1,
          "attributes": {
            "arn": "arn:aws:events:us-east-1:288507842666:rule/data-distribution-hub-datasync-task-failure",
            "description": "Captures DataSync task execution failures across all spoke tasks",
            "event_bus_name": "default",
            "event_pattern": "{\"detail\":{\"State\":[\"ERROR\"]},\"detail-type\":[\"DataSync Task Execution State Change\"],\"source\":[\"aws.datasync\"]}",
            "force_destroy": false,
            "id": "data-distribution-hub-datasync-task-failure",
            "is_enabled": true,
            "name": "data-distribution-hub-datasync-task-failure",
            "name_prefix": "",
            "region": "us-east-1",
            "role_arn": "",
            "schedule_expression": "",
            "state": "ENABLED",
            "tags": {
              "Component": "monitoring"
            },
            "tags_all": {
              "Component": "monitoring",
              "Environment": "demo",
              "ManagedBy": "terraform",
              "Project": "data-distribution-hub"
            }
          },
          "sensitive_attributes": [],
          "private": "eyJzY2hlbWFfdmVyc2lvbiI6IjEifQ=="
        }
      ]
    },
    {
      "mode": "managed",
      "type": "aws_cloudwatch_event_target",
      "name": "datasync_failure_sns",
      "provider": "provider[\"registry.terraform.io/hashicorp/aws\"]",
      "instances": [
        {
          "schema_version": 1,
          "attributes": {
            "appsync_target": [],
            "arn": "arn:aws:sns:us-east-1:288507842666:data-distribution-hub-datasync-failures",
            "batch_target": [],
            "dead_letter_config": [],
            "ecs_target": [],
            "event_bus_name": "default",
            "force_destroy": false,
            "http_target": [],
            "id": "data-distribution-hub-datasync-task-failure-send-to-sns",
            "input": "",
            "input_path": "",
            "input_transformer": [],
            "kinesis_target": [],
            "redshift_target": [],
            "region": "us-east-1",
            "retry_policy": [],
            "role_arn": "",
            "rule": "data-distribution-hub-datasync-task-failure",
            "run_command_targets": [],
            "sagemaker_pipeline_target": [],
            "sqs_target": [],
            "target_id": "send-to-sns"
          },
          "sensitive_attributes": [],
          "private": "eyJzY2hlbWFfdmVyc2lvbiI6IjEifQ==",
          "dependencies": [
            "aws_cloudwatch_event_rule.datasync_failure",
            "aws_kms_key.sns",
            "aws_sns_topic.datasync_failures",
            "data.aws_caller_identity.hub"
          ]
        }
      ]
    },
    {
      "mode": "managed",
      "type": "aws_datasync_location_s3",
      "name": "destination",
      "provider": "provider[\"registry.terraform.io/hashicorp/aws\"]",
      "instances": [
        {
          "index_key": "dev",
          "schema_version": 0,
          "attributes": {
            "agent_arns": [],
            "arn": "arn:aws:datasync:us-east-1:288507842666:location/loc-0eae66f246ad3fd9f",
            "id": "arn:aws:datasync:us-east-1:288507842666:location/loc-0eae66f246ad3fd9f",
            "region": "us-east-1",
            "s3_bucket_arn": "arn:aws:s3:::data-distribution-dev-521223133677",
            "s3_config": [
              {
                "bucket_access_role_arn": "arn:aws:iam::288507842666:role/data-distribution-hub-datasync-hub-role"
              }
            ],
            "s3_storage_class": "STANDARD",
            "subdirectory": "/",
            "tags": {
              "Component": "datasync",
              "Role": "destination",
              "SpokeAccount": "521223133677",
              "SpokeName": "dev"
            },
            "tags_all": {
              "Component": "datasync",
              "Environment": "demo",
              "ManagedBy": "terraform",
              "Project": "data-distribution-hub",
              "Role": "destination",
              "SpokeAccount": "521223133677",
              "SpokeName": "dev"
            },
            "uri": "s3://data-distribution-dev-521223133677/"
          },
          "sensitive_attributes": [],
          "private": "bnVsbA==",
          "dependencies": [
            "aws_iam_role.datasync_hub",
            "data.aws_caller_identity.hub"
          ]
        }
      ]
    },
    {
      "mode": "managed",
      "type": "aws_datasync_location_s3",
      "name": "source",
      "provider": "provider[\"registry.terraform.io/hashicorp/aws\"]",
      "instances": [
        {
          "schema_version": 0,
          "attributes": {
            "agent_arns": [],
            "arn": "arn:aws:datasync:us-east-1:288507842666:location/loc-0cc9c36701c8ee0c9",
            "id": "arn:aws:datasync:us-east-1:288507842666:location/loc-0cc9c36701c8ee0c9",
            "region": "us-east-1",
            "s3_bucket_arn": "arn:aws:s3:::my-central-data-lake",
            "s3_config": [
              {
                "bucket_access_role_arn": "arn:aws:iam::288507842666:role/data-distribution-hub-datasync-hub-role"
              }
            ],
            "s3_storage_class": "STANDARD",
            "subdirectory": "/",
            "tags": {
              "Component": "datasync",
              "Role": "source"
            },
            "tags_all": {
              "Component": "datasync",
              "Environment": "demo",
              "ManagedBy": "terraform",
              "Project": "data-distribution-hub",
              "Role": "source"
            },
            "uri": "s3://my-central-data-lake/"
          },
          "sensitive_attributes": [],
          "private": "bnVsbA==",
          "dependencies": [
            "aws_iam_role.datasync_hub",
            "data.aws_caller_identity.hub"
          ]
        }
      ]
    },
    {
      "mode": "managed",
      "type": "aws_iam_role",
      "name": "datasync_hub",
      "provider": "provider[\"registry.terraform.io/hashicorp/aws\"]",
      "instances": [
        {
          "schema_version": 0,
          "attributes": {
            "arn": "arn:aws:iam::288507842666:role/data-distribution-hub-datasync-hub-role",
            "assume_role_policy": "{\"Statement\":[{\"Action\":\"sts:AssumeRole\",\"Condition\":{\"StringEquals\":{\"aws:SourceAccount\":\"288507842666\"}},\"Effect\":\"Allow\",\"Principal\":{\"Service\":\"datasync.amazonaws.com\"}}],\"Version\":\"2012-10-17\"}",
            "create_date": "2026-05-06T08:25:41Z",
            "description": "",
            "force_detach_policies": false,
            "id": "data-distribution-hub-datasync-hub-role",
            "inline_policy": [
              {
                "name": "data-distribution-hub-dest-dev",
                "policy": "{\"Version\":\"2012-10-17\",\"Statement\":[{\"Action\":[\"s3:GetBucketLocation\",\"s3:ListBucket\",\"s3:ListBucketMultipartUploads\"],\"Effect\":\"Allow\",\"Resource\":\"arn:aws:s3:::data-distribution-dev-521223133677\"},{\"Action\":[\"s3:PutObject\",\"s3:PutObjectTagging\",\"s3:AbortMultipartUpload\",\"s3:ListMultipartUploadParts\",\"s3:GetObject\",\"s3:GetObjectTagging\"],\"Effect\":\"Allow\",\"Resource\":\"arn:aws:s3:::data-distribution-dev-521223133677/*\"}]}"
              },
              {
                "name": "data-distribution-hub-source-bucket-access",
                "policy": "{\"Version\":\"2012-10-17\",\"Statement\":[{\"Action\":[\"s3:GetBucketLocation\",\"s3:ListBucket\",\"s3:ListBucketMultipartUploads\"],\"Effect\":\"Allow\",\"Resource\":\"arn:aws:s3:::my-central-data-lake\"},{\"Action\":[\"s3:GetObject\",\"s3:GetObjectTagging\",\"s3:GetObjectVersion\",\"s3:GetObjectVersionTagging\",\"s3:ListMultipartUploadParts\"],\"Effect\":\"Allow\",\"Resource\":\"arn:aws:s3:::my-central-data-lake/*\"}]}"
              }
            ],
            "managed_policy_arns": [],
            "max_session_duration": 3600,
            "name": "data-distribution-hub-datasync-hub-role",
            "name_prefix": "",
            "path": "/",
            "permissions_boundary": "",
            "tags": {
              "Component": "iam"
            },
            "tags_all": {
              "Component": "iam",
              "Environment": "demo",
              "ManagedBy": "terraform",
              "Project": "data-distribution-hub"
            },
            "unique_id": "AROAUGLDIKBVC64KEN5EZ"
          },
          "sensitive_attributes": [],
          "private": "bnVsbA==",
          "dependencies": [
            "data.aws_caller_identity.hub"
          ]
        }
      ]
    },
    {
      "mode": "managed",
      "type": "aws_iam_role_policy",
      "name": "datasync_destination_access",
      "provider": "provider[\"registry.terraform.io/hashicorp/aws\"]",
      "instances": [
        {
          "index_key": "dev",
          "schema_version": 0,
          "attributes": {
            "id": "data-distribution-hub-datasync-hub-role:data-distribution-hub-dest-dev",
            "name": "data-distribution-hub-dest-dev",
            "name_prefix": "",
            "policy": "{\"Version\":\"2012-10-17\",\"Statement\":[{\"Action\":[\"s3:GetBucketLocation\",\"s3:ListBucket\",\"s3:ListBucketMultipartUploads\"],\"Effect\":\"Allow\",\"Resource\":\"arn:aws:s3:::data-distribution-dev-521223133677\"},{\"Action\":[\"s3:PutObject\",\"s3:PutObjectTagging\",\"s3:DeleteObject\",\"s3:AbortMultipartUpload\",\"s3:ListMultipartUploadParts\",\"s3:GetObject\",\"s3:GetObjectTagging\"],\"Effect\":\"Allow\",\"Resource\":\"arn:aws:s3:::data-distribution-dev-521223133677/*\"}]}",
            "role": "data-distribution-hub-datasync-hub-role"
          },
          "sensitive_attributes": [],
          "private": "bnVsbA==",
          "dependencies": [
            "aws_iam_role.datasync_hub",
            "data.aws_caller_identity.hub"
          ]
        }
      ]
    },
    {
      "mode": "managed",
      "type": "aws_iam_role_policy",
      "name": "datasync_source_access",
      "provider": "provider[\"registry.terraform.io/hashicorp/aws\"]",
      "instances": [
        {
          "schema_version": 0,
          "attributes": {
            "id": "data-distribution-hub-datasync-hub-role:data-distribution-hub-source-bucket-access",
            "name": "data-distribution-hub-source-bucket-access",
            "name_prefix": "",
            "policy": "{\"Version\":\"2012-10-17\",\"Statement\":[{\"Action\":[\"s3:GetBucketLocation\",\"s3:ListBucket\",\"s3:ListBucketMultipartUploads\"],\"Effect\":\"Allow\",\"Resource\":\"arn:aws:s3:::my-central-data-lake\"},{\"Action\":[\"s3:GetObject\",\"s3:GetObjectTagging\",\"s3:GetObjectVersion\",\"s3:GetObjectVersionTagging\",\"s3:ListMultipartUploadParts\"],\"Effect\":\"Allow\",\"Resource\":\"arn:aws:s3:::my-central-data-lake/*\"}]}",
            "role": "data-distribution-hub-datasync-hub-role"
          },
          "sensitive_attributes": [],
          "private": "bnVsbA==",
          "dependencies": [
            "aws_iam_role.datasync_hub",
            "data.aws_caller_identity.hub"
          ]
        }
      ]
    },
    {
      "mode": "managed",
      "type": "aws_kms_alias",
      "name": "sns",
      "provider": "provider[\"registry.terraform.io/hashicorp/aws\"]",
      "instances": [
        {
          "schema_version": 0,
          "attributes": {
            "arn": "arn:aws:kms:us-east-1:288507842666:alias/data-distribution-hub-sns",
            "id": "alias/data-distribution-hub-sns",
            "name": "alias/data-distribution-hub-sns",
            "name_prefix": "",
            "region": "us-east-1",
            "target_key_arn": "arn:aws:kms:us-east-1:288507842666:key/a9307319-e99f-4cc2-b6a2-0c1309ca9ede",
            "target_key_id": "a9307319-e99f-4cc2-b6a2-0c1309ca9ede"
          },
          "sensitive_attributes": [],
          "private": "bnVsbA==",
          "dependencies": [
            "aws_kms_key.sns",
            "data.aws_caller_identity.hub"
          ]
        }
      ]
    },
    {
      "mode": "managed",
      "type": "aws_kms_key",
      "name": "sns",
      "provider": "provider[\"registry.terraform.io/hashicorp/aws\"]",
      "instances": [
        {
          "schema_version": 0,
          "attributes": {
            "arn": "arn:aws:kms:us-east-1:288507842666:key/a9307319-e99f-4cc2-b6a2-0c1309ca9ede",
            "bypass_policy_lockout_safety_check": false,
            "custom_key_store_id": "",
            "customer_master_key_spec": "SYMMETRIC_DEFAULT",
            "deletion_window_in_days": 14,
            "description": "KMS key for encrypting DataSync failure notifications SNS topic",
            "enable_key_rotation": true,
            "id": "a9307319-e99f-4cc2-b6a2-0c1309ca9ede",
            "is_enabled": true,
            "key_id": "a9307319-e99f-4cc2-b6a2-0c1309ca9ede",
            "key_usage": "ENCRYPT_DECRYPT",
            "multi_region": false,
            "policy": "{\"Statement\":[{\"Action\":\"kms:*\",\"Effect\":\"Allow\",\"Principal\":{\"AWS\":\"arn:aws:iam::288507842666:root\"},\"Resource\":\"*\",\"Sid\":\"AllowRootAccountFullAccess\"},{\"Action\":[\"kms:Decrypt\",\"kms:GenerateDataKey*\"],\"Effect\":\"Allow\",\"Principal\":{\"Service\":\"events.amazonaws.com\"},\"Resource\":\"*\",\"Sid\":\"AllowEventBridgeToPublishEncrypted\"}],\"Version\":\"2012-10-17\"}",
            "region": "us-east-1",
            "rotation_period_in_days": 365,
            "tags": {
              "Component": "alerting"
            },
            "tags_all": {
              "Component": "alerting",
              "Environment": "demo",
              "ManagedBy": "terraform",
              "Project": "data-distribution-hub"
            },
            "timeouts": null,
            "xks_key_id": ""
          },
          "sensitive_attributes": [],
          "private": "eyJlMmJmYjczMC1lY2FhLTExZTYtOGY4OC0zNDM2M2JjN2M0YzAiOnsiY3JlYXRlIjoxMjAwMDAwMDAwMDB9fQ==",
          "dependencies": [
            "data.aws_caller_identity.hub"
          ]
        }
      ]
    },
    {
      "mode": "managed",
      "type": "aws_sns_topic",
      "name": "datasync_failures",
      "provider": "provider[\"registry.terraform.io/hashicorp/aws\"]",
      "instances": [
        {
          "schema_version": 0,
          "attributes": {
            "application_failure_feedback_role_arn": "",
            "application_success_feedback_role_arn": "",
            "application_success_feedback_sample_rate": 0,
            "archive_policy": "",
            "arn": "arn:aws:sns:us-east-1:288507842666:data-distribution-hub-datasync-failures",
            "beginning_archive_time": "",
            "content_based_deduplication": false,
            "delivery_policy": "",
            "display_name": "",
            "fifo_throughput_scope": "",
            "fifo_topic": false,
            "firehose_failure_feedback_role_arn": "",
            "firehose_success_feedback_role_arn": "",
            "firehose_success_feedback_sample_rate": 0,
            "http_failure_feedback_role_arn": "",
            "http_success_feedback_role_arn": "",
            "http_success_feedback_sample_rate": 0,
            "id": "arn:aws:sns:us-east-1:288507842666:data-distribution-hub-datasync-failures",
            "kms_master_key_id": "arn:aws:kms:us-east-1:288507842666:key/a9307319-e99f-4cc2-b6a2-0c1309ca9ede",
            "lambda_failure_feedback_role_arn": "",
            "lambda_success_feedback_role_arn": "",
            "lambda_success_feedback_sample_rate": 0,
            "name": "data-distribution-hub-datasync-failures",
            "name_prefix": "",
            "owner": "288507842666",
            "policy": "{\"Statement\":[{\"Action\":\"sns:Publish\",\"Condition\":{\"ArnEquals\":{\"aws:SourceArn\":\"arn:aws:events:us-east-1:288507842666:rule/data-distribution-hub-datasync-task-failure\"}},\"Effect\":\"Allow\",\"Principal\":{\"Service\":\"events.amazonaws.com\"},\"Resource\":\"arn:aws:sns:us-east-1:288507842666:data-distribution-hub-datasync-failures\",\"Sid\":\"AllowEventBridgePublish\"}],\"Version\":\"2012-10-17\"}",
            "region": "us-east-1",
            "signature_version": 0,
            "sqs_failure_feedback_role_arn": "",
            "sqs_success_feedback_role_arn": "",
            "sqs_success_feedback_sample_rate": 0,
            "tags": {
              "Component": "alerting"
            },
            "tags_all": {
              "Component": "alerting",
              "Environment": "demo",
              "ManagedBy": "terraform",
              "Project": "data-distribution-hub"
            },
            "tracing_config": ""
          },
          "sensitive_attributes": [],
          "private": "bnVsbA==",
          "dependencies": [
            "aws_kms_key.sns",
            "data.aws_caller_identity.hub"
          ]
        }
      ]
    },
    {
      "mode": "managed",
      "type": "aws_sns_topic_policy",
      "name": "allow_eventbridge",
      "provider": "provider[\"registry.terraform.io/hashicorp/aws\"]",
      "instances": [
        {
          "schema_version": 0,
          "attributes": {
            "arn": "arn:aws:sns:us-east-1:288507842666:data-distribution-hub-datasync-failures",
            "id": "arn:aws:sns:us-east-1:288507842666:data-distribution-hub-datasync-failures",
            "owner": "288507842666",
            "policy": "{\"Statement\":[{\"Action\":\"sns:Publish\",\"Condition\":{\"ArnEquals\":{\"aws:SourceArn\":\"arn:aws:events:us-east-1:288507842666:rule/data-distribution-hub-datasync-task-failure\"}},\"Effect\":\"Allow\",\"Principal\":{\"Service\":\"events.amazonaws.com\"},\"Resource\":\"arn:aws:sns:us-east-1:288507842666:data-distribution-hub-datasync-failures\",\"Sid\":\"AllowEventBridgePublish\"}],\"Version\":\"2012-10-17\"}",
            "region": "us-east-1"
          },
          "sensitive_attributes": [],
          "private": "bnVsbA==",
          "dependencies": [
            "aws_cloudwatch_event_rule.datasync_failure",
            "aws_kms_key.sns",
            "aws_sns_topic.datasync_failures",
            "data.aws_caller_identity.hub"
          ]
        }
      ]
    }
  ],
  "check_results": null
}
